
Microsoft Visual Studio Solution File, Format Version 12.00
# Visual Studio 15
VisualStudioVersion = 15.0.27004.2009
MinimumVisualStudioVersion = 10.0.40219.1
Project("{FAE04EC0-301F-11D3-BF4B-00C04F79EFBC}") = "ZipLibrary", "ZipLibrary\ZipLibrary.csproj", "{86A912D1-C6E4-424D-938B-13402EE59A77}"
EndProject
Project("{FAE04EC0-301F-11D3-BF4B-00C04F79EFBC}") = "ZipLibTest", "ZipLibTest\ZipLibTest.csproj", "{6781966D-5EC7-4E61-B860-68AF3D51189C}"
EndProject
Global
	GlobalSection(SolutionConfigurationPlatforms) = preSolution
		Debug|Any CPU = Debug|Any CPU
		Release|Any CPU = Release|Any CPU
	EndGlobalSection
	GlobalSection(ProjectConfigurationPlatforms) = postSolution
		{86A912D1-C6E4-424D-938B-13402EE59A77}.Debug|Any CPU.ActiveCfg = Debug|Any CPU
		{86A912D1-C6E4-424D-938B-13402EE59A77}.Debug|Any CPU.Build.0 = Debug|Any CPU
		{86A912D1-C6E4-424D-938B-13402EE59A77}.Release|Any CPU.ActiveCfg = Release|Any CPU
		{86A912D1-C6E4-424D-938B-13402EE59A77}.Release|Any CPU.Build.0 = Release|Any CPU
		{6781966D-5EC7-4E61-B860-68AF3D51189C}.Debug|Any CPU.ActiveCfg = Debug|Any CPU
		{6781966D-5EC7-4E61-B860-68AF3D51189C}.Debug|Any CPU.Build.0 = Debug|Any CPU
		{6781966D-5EC7-4E61-B860-68AF3D51189C}.Release|Any CPU.ActiveCfg = Release|Any CPU
		{6781966D-5EC7-4E61-B860-68AF3D51189C}.Release|Any CPU.Build.0 = Release|Any CPU
	EndGlobalSection
	GlobalSection(SolutionProperties) = preSolution
		HideSolutionNode = FALSE
	EndGlobalSection
	GlobalSection(ExtensibilityGlobals) = postSolution
		SolutionGuid = {0D3F5540-2240-4EC7-A8AD-1E9B5FABCDB0}
	EndGlobalSection
EndGlobal
